// !$*UTF8*$!
{
	archiveVersion = 1;
	classes = {
	};
	objectVersion = 50;
	objects = {

/* Begin PBXBuildFile section */
		B25A6966253558D800CBD24E /* AppDelegate.swift in Sources */ = {isa = PBXBuildFile; fileRef = B25A6965253558D800CBD24E /* AppDelegate.swift */; };
		B25A6968253558D800CBD24E /* SceneDelegate.swift in Sources */ = {isa = PBXBuildFile; fileRef = B25A6967253558D800CBD24E /* SceneDelegate.swift */; };
		B25A696A253558D800CBD24E /* ViewController.swift in Sources */ = {isa = PBXBuildFile; fileRef = B25A6969253558D800CBD24E /* ViewController.swift */; };
		B25A696D253558D800CBD24E /* Main.storyboard in Resources */ = {isa = PBXBuildFile; fileRef = B25A696B253558D800CBD24E /* Main.storyboard */; };
		B25A696F253558DA00CBD24E /* Assets.xcassets in Resources */ = {isa = PBXBuildFile; fileRef = B25A696E253558DA00CBD24E /* Assets.xcassets */; };
		B25A6972253558DA00CBD24E /* LaunchScreen.storyboard in Resources */ = {isa = PBXBuildFile; fileRef = B25A6970253558DA00CBD24E /* LaunchScreen.storyboard */; };
		C40015A5541B1B5E9785D0EC /* Pods_FBDemoProject.framework in Frameworks */ = {isa = PBXBuildFile; fileRef = 663828E1C8B1A491613D14E2 /* Pods_FBDemoProject.framework */; };
/* End PBXBuildFile section */

/* Begin PBXFileReference section */
		2B78FFA00DF0D66E0D7653D1 /* Pods-FBDemoProject.release.xcconfig */ = {isa = PBXFileReference; includeInIndex = 1; lastKnownFileType = text.xcconfig; name = "Pods-FBDemoProject.release.xcconfig"; path = "Target Support Files/Pods-FBDemoProject/Pods-FBDemoProject.release.xcconfig"; sourceTree = "<group>"; };
		663828E1C8B1A491613D14E2 /* Pods_FBDemoProject.framework */ = {isa = PBXFileReference; explicitFileType = wrapper.framework; includeInIndex = 0; path = Pods_FBDemoProject.framework; sourceTree = BUILT_PRODUCTS_DIR; };
		B25A6962253558D800CBD24E /* FBDemoProject.app */ = {isa = PBXFileReference; explicitFileType = wrapper.application; includeInIndex = 0; path = FBDemoProject.app; sourceTree = BUILT_PRODUCTS_DIR; };
		B25A6965253558D800CBD24E /* AppDelegate.swift */ = {isa = PBXFileReference; lastKnownFileType = sourcecode.swift; path = AppDelegate.swift; sourceTree = "<group>"; };
		B25A6967253558D800CBD24E /* SceneDelegate.swift */ = {isa = PBXFileReference; lastKnownFileType = sourcecode.swift; path = SceneDelegate.swift; sourceTree = "<group>"; };
		B25A6969253558D800CBD24E /* ViewController.swift */ = {isa = PBXFileReference; lastKnownFileType = sourcecode.swift; path = ViewController.swift; sourceTree = "<group>"; };
		B25A696C253558D800CBD24E /* Base */ = {isa = PBXFileReference; lastKnownFileType = file.storyboard; name = Base; path = Base.lproj/Main.storyboard; sourceTree = "<group>"; };
		B25A696E253558DA00CBD24E /* Assets.xcassets */ = {isa = PBXFileReference; lastKnownFileType = folder.assetcatalog; path = Assets.xcassets; sourceTree = "<group>"; };
		B25A6971253558DA00CBD24E /* Base */ = {isa = PBXFileReference; lastKnownFileType = file.storyboard; name = Base; path = Base.lproj/LaunchScreen.storyboard; sourceTree = "<group>"; };
		B25A6973253558DA00CBD24E /* Info.plist */ = {isa = PBXFileReference; lastKnownFileType = text.plist.xml; path = Info.plist; sourceTree = "<group>"; };
		C031E99472F35019ACEA8F71 /* Pods-FBDemoProject.debug.xcconfig */ = {isa = PBXFileReference; includeInIndex = 1; lastKnownFileType = text.xcconfig; name = "Pods-FBDemoProject.debug.xcconfig"; path = "Target Support Files/Pods-FBDemoProject/Pods-FBDemoProject.debug.xcconfig"; sourceTree = "<group>"; };
/* End PBXFileReference section */

/* Begin PBXFrameworksBuildPhase section */
		B25A695F253558D800CBD24E /* Frameworks */ = {
			isa = PBXFrameworksBuildPhase;
			buildActionMask = 2147483647;
			files = (
				C40015A5541B1B5E9785D0EC /* Pods_FBDemoProject.framework in Frameworks */,
			);
			runOnlyForDeploymentPostprocessing = 0;
		};
/* End PBXFrameworksBuildPhase section */

/* Begin PBXGroup section */
		95EE630AEF38AC0E1D111DF2 /* Frameworks */ = {
			isa = PBXGroup;
			children = (
				663828E1C8B1A491613D14E2 /* Pods_FBDemoProject.framework */,
			);
			name = Frameworks;
			sourceTree = "<group>";
		};
		B25A6959253558D800CBD24E = {
			isa = PBXGroup;
			children = (
				B25A6964253558D800CBD24E /* FBDemoProject */,
				B25A6963253558D800CBD24E /* Products */,
				CFD3CA02C39EE546A6F65807 /* Pods */,
				95EE630AEF38AC0E1D111DF2 /* Frameworks */,
			);
			sourceTree = "<group>";
		};
		B25A6963253558D800CBD24E /* Products */ = {
			isa = PBXGroup;
			children = (
				B25A6962253558D800CBD24E /* FBDemoProject.app */,
			);
			name = Products;
			sourceTree = "<group>";
		};
		B25A6964253558D800CBD24E /* FBDemoProject */ = {
			isa = PBXGroup;
			children = (
				B25A6965253558D800CBD24E /* AppDelegate.swift */,
				B25A6967253558D800CBD24E /* SceneDelegate.swift */,
				B25A6969253558D800CBD24E /* ViewController.swift */,
				B25A696B253558D800CBD24E /* Main.storyboard */,
				B25A696E253558DA00CBD24E /* Assets.xcassets */,
				B25A6970253558DA00CBD24E /* LaunchScreen.storyboard */,
				B25A6973253558DA00CBD24E /* Info.plist */,
			);
			path = FBDemoProject;
			sourceTree = "<group>";
		};
		CFD3CA02C39EE546A6F65807 /* Pods */ = {
			isa = PBXGroup;
			children = (
				C031E99472F35019ACEA8F71 /* Pods-FBDemoProject.debug.xcconfig */,
				2B78FFA00DF0D66E0D7653D1 /* Pods-FBDemoProject.release.xcconfig */,
			);
			name = Pods;
			path = Pods;
			sourceTree = "<group>";
		};
/* End PBXGroup section */

/* Begin PBXNativeTarget section */
		B25A6961253558D800CBD24E /* FBDemoProject */ = {
			isa = PBXNativeTarget;
			buildConfigurationList = B25A6976253558DA00CBD24E /* Build configuration list for PBXNativeTarget "FBDemoProject" */;
			buildPhases = (
				405028C04DA99BFDAC015461 /* [CP] Check Pods Manifest.lock */,
				B25A695E253558D800CBD24E /* Sources */,
				B25A695F253558D800CBD24E /* Frameworks */,
				B25A6960253558D800CBD24E /* Resources */,
				3CC0452C82D6E13C3B6D2C88 /* [CP] Embed Pods Frameworks */,
			);
			buildRules = (
			);
			dependencies = (
			);
			name = FBDemoProject;
			productName = FBDemoProject;
			productReference = B25A6962253558D800CBD24E /* FBDemoProject.app */;
			productType = "com.apple.product-type.application";
		};
/* End PBXNativeTarget section */

/* Begin PBXProject section */
		B25A695A253558D800CBD24E /* Project object */ = {
			isa = PBXProject;
			attributes = {
				LastSwiftUpdateCheck = 1200;
				LastUpgradeCheck = 1200;
				TargetAttributes = {
					B25A6961253558D800CBD24E = {
						CreatedOnToolsVersion = 12.0;
					};
				};
			};
			buildConfigurationList = B25A695D253558D800CBD24E /* Build configuration list for PBXProject "FBDemoProject" */;
			compatibilityVersion = "Xcode 9.3";
			developmentRegion = en;
			hasScannedForEncodings = 0;
			knownRegions = (
				en,
				Base,
			);
			mainGroup = B25A6959253558D800CBD24E;
			productRefGroup = B25A6963253558D800CBD24E /* Products */;
			projectDirPath = "";
			projectRoot = "";
			targets = (
				B25A6961253558D800CBD24E /* FBDemoProject */,
			);
		};
/* End PBXProject section */

/* Begin PBXResourcesBuildPhase section */
		B25A6960253558D800CBD24E /* Resources */ = {
			isa = PBXResourcesBuildPhase;
			buildActionMask = 2147483647;
			files = (
				B25A6972253558DA00CBD24E /* LaunchScreen.storyboard in Resources */,
				B25A696F253558DA00CBD24E /* Assets.xcassets in Resources */,
				B25A696D253558D800CBD24E /* Main.storyboard in Resources */,
			);
			runOnlyForDeploymentPostprocessing = 0;
		};
/* End PBXResourcesBuildPhase section */

/* Begin PBXShellScriptBuildPhase section */
		3CC0452C82D6E13C3B6D2C88 /* [CP] Embed Pods Frameworks */ = {
			isa = PBXShellScriptBuildPhase;
			buildActionMask = 2147483647;
			files = (
			);
			inputFileListPaths = (
				"${PODS_ROOT}/Target Support Files/Pods-FBDemoProject/Pods-FBDemoProject-frameworks-${CONFIGURATION}-input-files.xcfilelist",
			);
			name = "[CP] Embed Pods Frameworks";
			outputFileListPaths = (
				"${PODS_ROOT}/Target Support Files/Pods-FBDemoProject/Pods-FBDemoProject-frameworks-${CONFIGURATION}-output-files.xcfilelist",
			);
			runOnlyForDeploymentPostprocessing = 0;
			shellPath = /bin/sh;
			shellScript = "\"${PODS_ROOT}/Target Support Files/Pods-FBDemoProject/Pods-FBDemoProject-frameworks.sh\"\n";
			showEnvVarsInLog = 0;
		};
		405028C04DA99BFDAC015461 /* [CP] Check Pods Manifest.lock */ = {
			isa = PBXShellScriptBuildPhase;
			buildActionMask = 2147483647;
			files = (
			);
			inputFileListPaths = (
			);
			inputPaths = (
				"${PODS_PODFILE_DIR_PATH}/Podfile.lock",
				"${PODS_ROOT}/Manifest.lock",
			);
			name = "[CP] Check Pods Manifest.lock";
			outputFileListPaths = (
			);
			outputPaths = (
				"$(DERIVED_FILE_DIR)/Pods-FBDemoProject-checkManifestLockResult.txt",
			);
			runOnlyForDeploymentPostprocessing = 0;
			shellPath = /bin/sh;
			shellScript = "diff \"${PODS_PODFILE_DIR_PATH}/Podfile.lock\" \"${PODS_ROOT}/Manifest.lock\" > /dev/null\nif [ $? != 0 ] ; then\n    # print error to STDERR\n    echo \"error: The sandbox is not in sync with the Podfile.lock. Run 'pod install' or update your CocoaPods installation.\" >&2\n    exit 1\nfi\n# This output is used by Xcode 'outputs' to avoid re-running this script phase.\necho \"SUCCESS\" > \"${SCRIPT_OUTPUT_FILE_0}\"\n";
			showEnvVarsInLog = 0;
		};
/* End PBXShellScriptBuildPhase section */

/* Begin PBXSourcesBuildPhase section */
		B25A695E253558D800CBD24E /* Sources */ = {
			isa = PBXSourcesBuildPhase;
			buildActionMask = 2147483647;
			files = (
				B25A696A253558D800CBD24E /* ViewController.swift in Sources */,
				B25A6966253558D800CBD24E /* AppDelegate.swift in Sources */,
				B25A6968253558D800CBD24E /* SceneDelegate.swift in Sources */,
			);
			runOnlyForDeploymentPostprocessing = 0;
		};
/* End PBXSourcesBuildPhase section */

/* Begin PBXVariantGroup section */
		B25A696B253558D800CBD24E /* Main.storyboard */ = {
			isa = PBXVariantGroup;
			children = (
				B25A696C253558D800CBD24E /* Base */,
			);
			name = Main.storyboard;
			sourceTree = "<group>";
		};
		B25A6970253558DA00CBD24E /* LaunchScreen.storyboard */ = {
			isa = PBXVariantGroup;
			children = (
				B25A6971253558DA00CBD24E /* Base */,
			);
			name = LaunchScreen.storyboard;
			sourceTree = "<group>";
		};
/* End PBXVariantGroup section */

/* Begin XCBuildConfiguration section */
		B25A6974253558DA00CBD24E /* Debug */ = {
			isa = XCBuildConfiguration;
			buildSettings = {
				ALWAYS_SEARCH_USER_PATHS = NO;
				CLANG_ANALYZER_NONNULL = YES;
				CLANG_ANALYZER_NUMBER_OBJECT_CONVERSION = YES_AGGRESSIVE;
				CLANG_CXX_LANGUAGE_STANDARD = "gnu++14";
				CLANG_CXX_LIBRARY = "libc++";
				CLANG_ENABLE_MODULES = YES;
				CLANG_ENABLE_OBJC_ARC = YES;
				CLANG_ENABLE_OBJC_WEAK = YES;
				CLANG_WARN_BLOCK_CAPTURE_AUTORELEASING = YES;
				CLANG_WARN_BOOL_CONVERSION = YES;
				CLANG_WARN_COMMA = YES;
				CLANG_WARN_CONSTANT_CONVERSION = YES;
				CLANG_WARN_DEPRECATED_OBJC_IMPLEMENTATIONS = YES;
				CLANG_WARN_DIRECT_OBJC_ISA_USAGE = YES_ERROR;
				CLANG_WARN_DOCUMENTATION_COMMENTS = YES;
				CLANG_WARN_EMPTY_BODY = YES;
				CLANG_WARN_ENUM_CONVERSION = YES;
				CLANG_WARN_INFINITE_RECURSION = YES;
				CLANG_WARN_INT_CONVERSION = YES;
				CLANG_WARN_NON_LITERAL_NULL_CONVERSION = YES;
				CLANG_WARN_OBJC_IMPLICIT_RETAIN_SELF = YES;
				CLANG_WARN_OBJC_LITERAL_CONVERSION = YES;
				CLANG_WARN_OBJC_ROOT_CLASS = YES_ERROR;
				CLANG_WARN_QUOTED_INCLUDE_IN_FRAMEWORK_HEADER = YES;
				CLANG_WARN_RANGE_LOOP_ANALYSIS = YES;
				CLANG_WARN_STRICT_PROTOTYPES = YES;
				CLANG_WARN_SUSPICIOUS_MOVE = YES;
				CLANG_WARN_UNGUARDED_AVAILABILITY = YES_AGGRESSIVE;
				CLANG_WARN_UNREACHABLE_CODE = YES;
				CLANG_WARN__DUPLICATE_METHOD_MATCH = YES;
				COPY_PHASE_STRIP = NO;
				DEBUG_INFORMATION_FORMAT = dwarf;
				ENABLE_STRICT_OBJC_MSGSEND = YES;
				ENABLE_TESTABILITY = YES;
				GCC_C_LANGUAGE_STANDARD = gnu11;
				GCC_DYNAMIC_NO_PIC = NO;
				GCC_NO_COMMON_BLOCKS = YES;
				GCC_OPTIMIZATION_LEVEL = 0;
				GCC_PREPROCESSOR_DEFINITIONS = (
					"DEBUG=1",
					"$(inherited)",
				);
				GCC_WARN_64_TO_32_BIT_CONVERSION = YES;
				GCC_WARN_ABOUT_RETURN_TYPE = YES_ERROR;
				GCC_WARN_UNDECLARED_SELECTOR = YES;
				GCC_WARN_UNINITIALIZED_AUTOS = YES_AGGRESSIVE;
				GCC_WARN_UNUSED_FUNCTION = YES;
				GCC_WARN_UNUSED_VARIABLE = YES;
				IPHONEOS_DEPLOYMENT_TARGET = 14.0;
				MTL_ENABLE_DEBUG_INFO = INCLUDE_SOURCE;
				MTL_FAST_MATH = YES;
				ONLY_ACTIVE_ARCH = YES;
				SDKROOT = iphoneos;
				SWIFT_ACTIVE_COMPILATION_CONDITIONS = DEBUG;
				SWIFT_OPTIMIZATION_LEVEL = "-Onone";
			};
			name = Debug;
		};
		B25A6975253558DA00CBD24E /* Release */ = {
			isa = XCBuildConfiguration;
			buildSettings = {
				ALWAYS_SEARCH_USER_PATHS = NO;
				CLANG_ANALYZER_NONNULL = YES;
				CLANG_ANALYZER_NUMBER_OBJECT_CONVERSION = YES_AGGRESSIVE;
				CLANG_CXX_LANGUAGE_STANDARD = "gnu++14";
				CLANG_CXX_LIBRARY = "libc++";
				CLANG_ENABLE_MODULES = YES;
				CLANG_ENABLE_OBJC_ARC = YES;
				CLANG_ENABLE_OBJC_WEAK = YES;
				CLANG_WARN_BLOCK_CAPTURE_AUTORELEASING = YES;
				CLANG_WARN_BOOL_CONVERSION = YES;
				CLANG_WARN_COMMA = YES;
				CLANG_WARN_CONSTANT_CONVERSION = YES;
				CLANG_WARN_DEPRECATED_OBJC_IMPLEMENTATIONS = YES;
				CLANG_WARN_DIRECT_OBJC_ISA_USAGE = YES_ERROR;
				CLANG_WARN_DOCUMENTATION_COMMENTS = YES;
				CLANG_WARN_EMPTY_BODY = YES;
				CLANG_WARN_ENUM_CONVERSION = YES;
				CLANG_WARN_INFINITE_RECURSION = YES;
				CLANG_WARN_INT_CONVERSION = YES;
				CLANG_WARN_NON_LITERAL_NULL_CONVERSION = YES;
				CLANG_WARN_OBJC_IMPLICIT_RETAIN_SELF = YES;
				CLANG_WARN_OBJC_LITERAL_CONVERSION = YES;
				CLANG_WARN_OBJC_ROOT_CLASS = YES_ERROR;
				CLANG_WARN_QUOTED_INCLUDE_IN_FRAMEWORK_HEADER = YES;
				CLANG_WARN_RANGE_LOOP_ANALYSIS = YES;
				CLANG_WARN_STRICT_PROTOTYPES = YES;
				CLANG_WARN_SUSPICIOUS_MOVE = YES;
				CLANG_WARN_UNGUARDED_AVAILABILITY = YES_AGGRESSIVE;
				CLANG_WARN_UNREACHABLE_CODE = YES;
				CLANG_WARN__DUPLICATE_METHOD_MATCH = YES;
				COPY_PHASE_STRIP = NO;
				DEBUG_INFORMATION_FORMAT = "dwarf-with-dsym";
				ENABLE_NS_ASSERTIONS = NO;
				ENABLE_STRICT_OBJC_MSGSEND = YES;
				GCC_C_LANGUAGE_STANDARD = gnu11;
				GCC_NO_COMMON_BLOCKS = YES;
				GCC_WARN_64_TO_32_BIT_CONVERSION = YES;
				GCC_WARN_ABOUT_RETURN_TYPE = YES_ERROR;
				GCC_WARN_UNDECLARED_SELECTOR = YES;
				GCC_WARN_UNINITIALIZED_AUTOS = YES_AGGRESSIVE;
				GCC_WARN_UNUSED_FUNCTION = YES;
				GCC_WARN_UNUSED_VARIABLE = YES;
				IPHONEOS_DEPLOYMENT_TARGET = 14.0;
				MTL_ENABLE_DEBUG_INFO = NO;
				MTL_FAST_MATH = YES;
				SDKROOT = iphoneos;
				SWIFT_COMPILATION_MODE = wholemodule;
				SWIFT_OPTIMIZATION_LEVEL = "-O";
				VALIDATE_PRODUCT = YES;
			};
			name = Release;
		};
		B25A6977253558DA00CBD24E /* Debug */ = {
			isa = XCBuildConfiguration;
			baseConfigurationReference = C031E99472F35019ACEA8F71 /* Pods-FBDemoProject.debug.xcconfig */;
			buildSettings = {
				ASSETCATALOG_COMPILER_APPICON_NAME = AppIcon;
				ASSETCATALOG_COMPILER_GLOBAL_ACCENT_COLOR_NAME = AccentColor;
				CODE_SIGN_STYLE = Automatic;
				INFOPLIST_FILE = FBDemoProject/Info.plist;
				LD_RUNPATH_SEARCH_PATHS = (
					"$(inherited)",
					"@executable_path/Frameworks",
				);
				PRODUCT_BUNDLE_IDENTIFIER = test.FBDemoProject;
				PRODUCT_NAME = "$(TARGET_NAME)";
				SWIFT_VERSION = 5.0;
				TARGETED_DEVICE_FAMILY = "1,2";
			};
			name = Debug;
		};
		B25A6978253558DA00CBD24E /* Release */ = {
			isa = XCBuildConfiguration;
			baseConfigurationReference = 2B78FFA00DF0D66E0D7653D1 /* Pods-FBDemoProject.release.xcconfig */;
			buildSettings = {
				ASSETCATALOG_COMPILER_APPICON_NAME = AppIcon;
				ASSETCATALOG_COMPILER_GLOBAL_ACCENT_COLOR_NAME = AccentColor;
				CODE_SIGN_STYLE = Automatic;
				INFOPLIST_FILE = FBDemoProject/Info.plist;
				LD_RUNPATH_SEARCH_PATHS = (
					"$(inherited)",
					"@executable_path/Frameworks",
				);
				PRODUCT_BUNDLE_IDENTIFIER = test.FBDemoProject;
				PRODUCT_NAME = "$(TARGET_NAME)";
				SWIFT_VERSION = 5.0;
				TARGETED_DEVICE_FAMILY = "1,2";
			};
			name = Release;
		};
/* End XCBuildConfiguration section */

/* Begin XCConfigurationList section */
		B25A695D253558D800CBD24E /* Build configuration list for PBXProject "FBDemoProject" */ = {
			isa = XCConfigurationList;
			buildConfigurations = (
				B25A6974253558DA00CBD24E /* Debug */,
				B25A6975253558DA00CBD24E /* Release */,
			);
			defaultConfigurationIsVisible = 0;
			defaultConfigurationName = Release;
		};
		B25A6976253558DA00CBD24E /* Build configuration list for PBXNativeTarget "FBDemoProject" */ = {
			isa = XCConfigurationList;
			buildConfigurations = (
				B25A6977253558DA00CBD24E /* Debug */,
				B25A6978253558DA00CBD24E /* Release */,
			);
			defaultConfigurationIsVisible = 0;
			defaultConfigurationName = Release;
		};
/* End XCConfigurationList section */
	};
	rootObject = B25A695A253558D800CBD24E /* Project object */;
}
